
Microsoft Visual Studio Solution File, Format Version 12.00
# Visual Studio Version 16
VisualStudioVersion = 16.0.29326.143
MinimumVisualStudioVersion = 10.0.40219.1
Project("{FAE04EC0-301F-11D3-BF4B-00C04F79EFBC}") = "1-MethodOverriding", "1-MethodOverriding\1-MethodOverriding.csproj", "{A401073E-08E9-4977-B401-8C9A96A6B0C6}"
EndProject
Global
	GlobalSection(SolutionConfigurationPlatforms) = preSolution
		Debug|Any CPU = Debug|Any CPU
		Release|Any CPU = Release|Any CPU
	EndGlobalSection
	GlobalSection(ProjectConfigurationPlatforms) = postSolution
		{A401073E-08E9-4977-B401-8C9A96A6B0C6}.Debug|Any CPU.ActiveCfg = Debug|Any CPU
		{A401073E-08E9-4977-B401-8C9A96A6B0C6}.Debug|Any CPU.Build.0 = Debug|Any CPU
		{A401073E-08E9-4977-B401-8C9A96A6B0C6}.Release|Any CPU.ActiveCfg = Release|Any CPU
		{A401073E-08E9-4977-B401-8C9A96A6B0C6}.Release|Any CPU.Build.0 = Release|Any CPU
	EndGlobalSection
	GlobalSection(SolutionProperties) = preSolution
		HideSolutionNode = FALSE
	EndGlobalSection
	GlobalSection(ExtensibilityGlobals) = postSolution
		SolutionGuid = {D02C0053-5354-4E1F-A237-95F2975DF5D7}
	EndGlobalSection
EndGlobal
